
Microsoft Visual Studio Solution File, Format Version 12.00
# Visual Studio Version 16
VisualStudioVersion = 16.0.810.22
MinimumVisualStudioVersion = 10.0.40219.1
Project("{FAE04EC0-301F-11D3-BF4B-00C04F79EFBC}") = "jwt", "jwt\jwt.csproj", "{CD40B867-A4DE-48F8-965A-2D6E6BC01ADE}"
EndProject
Global
	GlobalSection(SolutionConfigurationPlatforms) = preSolution
		Debug|Any CPU = Debug|Any CPU
		Release|Any CPU = Release|Any CPU
	EndGlobalSection
	GlobalSection(ProjectConfigurationPlatforms) = postSolution
		{CD40B867-A4DE-48F8-965A-2D6E6BC01ADE}.Debug|Any CPU.ActiveCfg = Debug|Any CPU
		{CD40B867-A4DE-48F8-965A-2D6E6BC01ADE}.Debug|Any CPU.Build.0 = Debug|Any CPU
		{CD40B867-A4DE-48F8-965A-2D6E6BC01ADE}.Release|Any CPU.ActiveCfg = Release|Any CPU
		{CD40B867-A4DE-48F8-965A-2D6E6BC01ADE}.Release|Any CPU.Build.0 = Release|Any CPU
	EndGlobalSection
	GlobalSection(SolutionProperties) = preSolution
		HideSolutionNode = FALSE
	EndGlobalSection
	GlobalSection(ExtensibilityGlobals) = postSolution
		SolutionGuid = {F975B91D-FD76-40E9-8586-2F4C0DF4E42A}
	EndGlobalSection
EndGlobal
